// !$*UTF8*$!
{
	archiveVersion = 1;
	classes = {
	};
	objectVersion = 77;
	objects = {

/* Begin PBXBuildFile section */
		BD9157E92E37E3FF0090C28A /* NewToDoView.swift in Sources */ = {isa = PBXBuildFile; fileRef = BD9157E82E37E3FF0090C28A /* NewToDoView.swift */; };
		BD9157EB2E37E6040090C28A /* ToDoItem.swift in Sources */ = {isa = PBXBuildFile; fileRef = BD9157EA2E37E6040090C28A /* ToDoItem.swift */; };
/* End PBXBuildFile section */

/* Begin PBXContainerItemProxy section */
		BD9157CC2E37E3320090C28A /* PBXContainerItemProxy */ = {
			isa = PBXContainerItemProxy;
			containerPortal = BD9157B42E37E3300090C28A /* Project object */;
			proxyType = 1;
			remoteGlobalIDString = BD9157BB2E37E3300090C28A;
			remoteInfo = todo_proj;
		};
		BD9157D62E37E3320090C28A /* PBXContainerItemProxy */ = {
			isa = PBXContainerItemProxy;
			containerPortal = BD9157B42E37E3300090C28A /* Project object */;
			proxyType = 1;
			remoteGlobalIDString = BD9157BB2E37E3300090C28A;
			remoteInfo = todo_proj;
		};
/* End PBXContainerItemProxy section */

/* Begin PBXFileReference section */
		BD9157BC2E37E3300090C28A /* todo_proj.app */ = {isa = PBXFileReference; explicitFileType = wrapper.application; includeInIndex = 0; path = todo_proj.app; sourceTree = BUILT_PRODUCTS_DIR; };
		BD9157CB2E37E3320090C28A /* todo_projTests.xctest */ = {isa = PBXFileReference; explicitFileType = wrapper.cfbundle; includeInIndex = 0; path = todo_projTests.xctest; sourceTree = BUILT_PRODUCTS_DIR; };
		BD9157D52E37E3320090C28A /* todo_projUITests.xctest */ = {isa = PBXFileReference; explicitFileType = wrapper.cfbundle; includeInIndex = 0; path = todo_projUITests.xctest; sourceTree = BUILT_PRODUCTS_DIR; };
		BD9157E82E37E3FF0090C28A /* NewToDoView.swift */ = {isa = PBXFileReference; lastKnownFileType = sourcecode.swift; path = NewToDoView.swift; sourceTree = "<group>"; };
		BD9157EA2E37E6040090C28A /* ToDoItem.swift */ = {isa = PBXFileReference; lastKnownFileType = sourcecode.swift; path = ToDoItem.swift; sourceTree = "<group>"; };
/* End PBXFileReference section */

/* Begin PBXFileSystemSynchronizedRootGroup section */
		BD9157BE2E37E3300090C28A /* todo_proj */ = {
			isa = PBXFileSystemSynchronizedRootGroup;
			path = todo_proj;
			sourceTree = "<group>";
		};
		BD9157CE2E37E3320090C28A /* todo_projTests */ = {
			isa = PBXFileSystemSynchronizedRootGroup;
			path = todo_projTests;
			sourceTree = "<group>";
		};
		BD9157D82E37E3320090C28A /* todo_projUITests */ = {
			isa = PBXFileSystemSynchronizedRootGroup;
			path = todo_projUITests;
			sourceTree = "<group>";
		};
/* End PBXFileSystemSynchronizedRootGroup section */

/* Begin PBXFrameworksBuildPhase section */
		BD9157B92E37E3300090C28A /* Frameworks */ = {
			isa = PBXFrameworksBuildPhase;
			buildActionMask = 2147483647;
			files = (
			);
			runOnlyForDeploymentPostprocessing = 0;
		};
		BD9157C82E37E3320090C28A /* Frameworks */ = {
			isa = PBXFrameworksBuildPhase;
			buildActionMask = 2147483647;
			files = (
			);
			runOnlyForDeploymentPostprocessing = 0;
		};
		BD9157D22E37E3320090C28A /* Frameworks */ = {
			isa = PBXFrameworksBuildPhase;
			buildActionMask = 2147483647;
			files = (
			);
			runOnlyForDeploymentPostprocessing = 0;
		};
/* End PBXFrameworksBuildPhase section */

/* Begin PBXGroup section */
		BD9157B32E37E3300090C28A = {
			isa = PBXGroup;
			children = (
				BD9157EA2E37E6040090C28A /* ToDoItem.swift */,
				BD9157E82E37E3FF0090C28A /* NewToDoView.swift */,
				BD9157BE2E37E3300090C28A /* todo_proj */,
				BD9157CE2E37E3320090C28A /* todo_projTests */,
				BD9157D82E37E3320090C28A /* todo_projUITests */,
				BD9157BD2E37E3300090C28A /* Products */,
			);
			sourceTree = "<group>";
		};
		BD9157BD2E37E3300090C28A /* Products */ = {
			isa = PBXGroup;
			children = (
				BD9157BC2E37E3300090C28A /* todo_proj.app */,
				BD9157CB2E37E3320090C28A /* todo_projTests.xctest */,
				BD9157D52E37E3320090C28A /* todo_projUITests.xctest */,
			);
			name = Products;
			sourceTree = "<group>";
		};
/* End PBXGroup section */

/* Begin PBXNativeTarget section */
		BD9157BB2E37E3300090C28A /* todo_proj */ = {
			isa = PBXNativeTarget;
			buildConfigurationList = BD9157DF2E37E3320090C28A /* Build configuration list for PBXNativeTarget "todo_proj" */;
			buildPhases = (
				BD9157B82E37E3300090C28A /* Sources */,
				BD9157B92E37E3300090C28A /* Frameworks */,
				BD9157BA2E37E3300090C28A /* Resources */,
			);
			buildRules = (
			);
			dependencies = (
			);
			fileSystemSynchronizedGroups = (
				BD9157BE2E37E3300090C28A /* todo_proj */,
			);
			name = todo_proj;
			packageProductDependencies = (
			);
			productName = todo_proj;
			productReference = BD9157BC2E37E3300090C28A /* todo_proj.app */;
			productType = "com.apple.product-type.application";
		};
		BD9157CA2E37E3320090C28A /* todo_projTests */ = {
			isa = PBXNativeTarget;
			buildConfigurationList = BD9157E22E37E3320090C28A /* Build configuration list for PBXNativeTarget "todo_projTests" */;
			buildPhases = (
				BD9157C72E37E3320090C28A /* Sources */,
				BD9157C82E37E3320090C28A /* Frameworks */,
				BD9157C92E37E3320090C28A /* Resources */,
			);
			buildRules = (
			);
			dependencies = (
				BD9157CD2E37E3320090C28A /* PBXTargetDependency */,
			);
			fileSystemSynchronizedGroups = (
				BD9157CE2E37E3320090C28A /* todo_projTests */,
			);
			name = todo_projTests;
			packageProductDependencies = (
			);
			productName = todo_projTests;
			productReference = BD9157CB2E37E3320090C28A /* todo_projTests.xctest */;
			productType = "com.apple.product-type.bundle.unit-test";
		};
		BD9157D42E37E3320090C28A /* todo_projUITests */ = {
			isa = PBXNativeTarget;
			buildConfigurationList = BD9157E52E37E3320090C28A /* Build configuration list for PBXNativeTarget "todo_projUITests" */;
			buildPhases = (
				BD9157D12E37E3320090C28A /* Sources */,
				BD9157D22E37E3320090C28A /* Frameworks */,
				BD9157D32E37E3320090C28A /* Resources */,
			);
			buildRules = (
			);
			dependencies = (
				BD9157D72E37E3320090C28A /* PBXTargetDependency */,
			);
			fileSystemSynchronizedGroups = (
				BD9157D82E37E3320090C28A /* todo_projUITests */,
			);
			name = todo_projUITests;
			packageProductDependencies = (
			);
			productName = todo_projUITests;
			productReference = BD9157D52E37E3320090C28A /* todo_projUITests.xctest */;
			productType = "com.apple.product-type.bundle.ui-testing";
		};
/* End PBXNativeTarget section */

/* Begin PBXProject section */
		BD9157B42E37E3300090C28A /* Project object */ = {
			isa = PBXProject;
			attributes = {
				BuildIndependentTargetsInParallel = 1;
				LastSwiftUpdateCheck = 1640;
				LastUpgradeCheck = 1640;
				TargetAttributes = {
					BD9157BB2E37E3300090C28A = {
						CreatedOnToolsVersion = 16.4;
					};
					BD9157CA2E37E3320090C28A = {
						CreatedOnToolsVersion = 16.4;
						TestTargetID = BD9157BB2E37E3300090C28A;
					};
					BD9157D42E37E3320090C28A = {
						CreatedOnToolsVersion = 16.4;
						TestTargetID = BD9157BB2E37E3300090C28A;
					};
				};
			};
			buildConfigurationList = BD9157B72E37E3300090C28A /* Build configuration list for PBXProject "todo_proj copy" */;
			developmentRegion = en;
			hasScannedForEncodings = 0;
			knownRegions = (
				en,
				Base,
			);
			mainGroup = BD9157B32E37E3300090C28A;
			minimizedProjectReferenceProxies = 1;
			preferredProjectObjectVersion = 77;
			productRefGroup = BD9157BD2E37E3300090C28A /* Products */;
			projectDirPath = "";
			projectRoot = "";
			targets = (
				BD9157BB2E37E3300090C28A /* todo_proj */,
				BD9157CA2E37E3320090C28A /* todo_projTests */,
				BD9157D42E37E3320090C28A /* todo_projUITests */,
			);
		};
/* End PBXProject section */

/* Begin PBXResourcesBuildPhase section */
		BD9157BA2E37E3300090C28A /* Resources */ = {
			isa = PBXResourcesBuildPhase;
			buildActionMask = 2147483647;
			files = (
			);
			runOnlyForDeploymentPostprocessing = 0;
		};
		BD9157C92E37E3320090C28A /* Resources */ = {
			isa = PBXResourcesBuildPhase;
			buildActionMask = 2147483647;
			files = (
			);
			runOnlyForDeploymentPostprocessing = 0;
		};
		BD9157D32E37E3320090C28A /* Resources */ = {
			isa = PBXResourcesBuildPhase;
			buildActionMask = 2147483647;
			files = (
			);
			runOnlyForDeploymentPostprocessing = 0;
		};
/* End PBXResourcesBuildPhase section */

/* Begin PBXSourcesBuildPhase section */
		BD9157B82E37E3300090C28A /* Sources */ = {
			isa = PBXSourcesBuildPhase;
			buildActionMask = 2147483647;
			files = (
				BD9157EB2E37E6040090C28A /* ToDoItem.swift in Sources */,
				BD9157E92E37E3FF0090C28A /* NewToDoView.swift in Sources */,
			);
			runOnlyForDeploymentPostprocessing = 0;
		};
		BD9157C72E37E3320090C28A /* Sources */ = {
			isa = PBXSourcesBuildPhase;
			buildActionMask = 2147483647;
			files = (
			);
			runOnlyForDeploymentPostprocessing = 0;
		};
		BD9157D12E37E3320090C28A /* Sources */ = {
			isa = PBXSourcesBuildPhase;
			buildActionMask = 2147483647;
			files = (
			);
			runOnlyForDeploymentPostprocessing = 0;
		};
/* End PBXSourcesBuildPhase section */

/* Begin PBXTargetDependency section */
		BD9157CD2E37E3320090C28A /* PBXTargetDependency */ = {
			isa = PBXTargetDependency;
			target = BD9157BB2E37E3300090C28A /* todo_proj */;
			targetProxy = BD9157CC2E37E3320090C28A /* PBXContainerItemProxy */;
		};
		BD9157D72E37E3320090C28A /* PBXTargetDependency */ = {
			isa = PBXTargetDependency;
			target = BD9157BB2E37E3300090C28A /* todo_proj */;
			targetProxy = BD9157D62E37E3320090C28A /* PBXContainerItemProxy */;
		};
/* End PBXTargetDependency section */

/* Begin XCBuildConfiguration section */
		BD9157DD2E37E3320090C28A /* Debug */ = {
			isa = XCBuildConfiguration;
			buildSettings = {
				ALWAYS_SEARCH_USER_PATHS = NO;
				ASSETCATALOG_COMPILER_GENERATE_SWIFT_ASSET_SYMBOL_EXTENSIONS = YES;
				CLANG_ANALYZER_NONNULL = YES;
				CLANG_ANALYZER_NUMBER_OBJECT_CONVERSION = YES_AGGRESSIVE;
				CLANG_CXX_LANGUAGE_STANDARD = "gnu++20";
				CLANG_ENABLE_MODULES = YES;
				CLANG_ENABLE_OBJC_ARC = YES;
				CLANG_ENABLE_OBJC_WEAK = YES;
				CLANG_WARN_BLOCK_CAPTURE_AUTORELEASING = YES;
				CLANG_WARN_BOOL_CONVERSION = YES;
				CLANG_WARN_COMMA = YES;
				CLANG_WARN_CONSTANT_CONVERSION = YES;
				CLANG_WARN_DEPRECATED_OBJC_IMPLEMENTATIONS = YES;
				CLANG_WARN_DIRECT_OBJC_ISA_USAGE = YES_ERROR;
				CLANG_WARN_DOCUMENTATION_COMMENTS = YES;
				CLANG_WARN_EMPTY_BODY = YES;
				CLANG_WARN_ENUM_CONVERSION = YES;
				CLANG_WARN_INFINITE_RECURSION = YES;
				CLANG_WARN_INT_CONVERSION = YES;
				CLANG_WARN_NON_LITERAL_NULL_CONVERSION = YES;
				CLANG_WARN_OBJC_IMPLICIT_RETAIN_SELF = YES;
				CLANG_WARN_OBJC_LITERAL_CONVERSION = YES;
				CLANG_WARN_OBJC_ROOT_CLASS = YES_ERROR;
				CLANG_WARN_QUOTED_INCLUDE_IN_FRAMEWORK_HEADER = YES;
				CLANG_WARN_RANGE_LOOP_ANALYSIS = YES;
				CLANG_WARN_STRICT_PROTOTYPES = YES;
				CLANG_WARN_SUSPICIOUS_MOVE = YES;
				CLANG_WARN_UNGUARDED_AVAILABILITY = YES_AGGRESSIVE;
				CLANG_WARN_UNREACHABLE_CODE = YES;
				CLANG_WARN__DUPLICATE_METHOD_MATCH = YES;
				COPY_PHASE_STRIP = NO;
				DEBUG_INFORMATION_FORMAT = dwarf;
				ENABLE_STRICT_OBJC_MSGSEND = YES;
				ENABLE_TESTABILITY = YES;
				ENABLE_USER_SCRIPT_SANDBOXING = YES;
				GCC_C_LANGUAGE_STANDARD = gnu17;
				GCC_DYNAMIC_NO_PIC = NO;
				GCC_NO_COMMON_BLOCKS = YES;
				GCC_OPTIMIZATION_LEVEL = 0;
				GCC_PREPROCESSOR_DEFINITIONS = (
					"DEBUG=1",
					"$(inherited)",
				);
				GCC_WARN_64_TO_32_BIT_CONVERSION = YES;
				GCC_WARN_ABOUT_RETURN_TYPE = YES_ERROR;
				GCC_WARN_UNDECLARED_SELECTOR = YES;
				GCC_WARN_UNINITIALIZED_AUTOS = YES_AGGRESSIVE;
				GCC_WARN_UNUSED_FUNCTION = YES;
				GCC_WARN_UNUSED_VARIABLE = YES;
				IPHONEOS_DEPLOYMENT_TARGET = 18.5;
				LOCALIZATION_PREFERS_STRING_CATALOGS = YES;
				MTL_ENABLE_DEBUG_INFO = INCLUDE_SOURCE;
				MTL_FAST_MATH = YES;
				ONLY_ACTIVE_ARCH = YES;
				SDKROOT = iphoneos;
				SWIFT_ACTIVE_COMPILATION_CONDITIONS = "DEBUG $(inherited)";
				SWIFT_OPTIMIZATION_LEVEL = "-Onone";
			};
			name = Debug;
		};
		BD9157DE2E37E3320090C28A /* Release */ = {
			isa = XCBuildConfiguration;
			buildSettings = {
				ALWAYS_SEARCH_USER_PATHS = NO;
				ASSETCATALOG_COMPILER_GENERATE_SWIFT_ASSET_SYMBOL_EXTENSIONS = YES;
				CLANG_ANALYZER_NONNULL = YES;
				CLANG_ANALYZER_NUMBER_OBJECT_CONVERSION = YES_AGGRESSIVE;
				CLANG_CXX_LANGUAGE_STANDARD = "gnu++20";
				CLANG_ENABLE_MODULES = YES;
				CLANG_ENABLE_OBJC_ARC = YES;
				CLANG_ENABLE_OBJC_WEAK = YES;
				CLANG_WARN_BLOCK_CAPTURE_AUTORELEASING = YES;
				CLANG_WARN_BOOL_CONVERSION = YES;
				CLANG_WARN_COMMA = YES;
				CLANG_WARN_CONSTANT_CONVERSION = YES;
				CLANG_WARN_DEPRECATED_OBJC_IMPLEMENTATIONS = YES;
				CLANG_WARN_DIRECT_OBJC_ISA_USAGE = YES_ERROR;
				CLANG_WARN_DOCUMENTATION_COMMENTS = YES;
				CLANG_WARN_EMPTY_BODY = YES;
				CLANG_WARN_ENUM_CONVERSION = YES;
				CLANG_WARN_INFINITE_RECURSION = YES;
				CLANG_WARN_INT_CONVERSION = YES;
				CLANG_WARN_NON_LITERAL_NULL_CONVERSION = YES;
				CLANG_WARN_OBJC_IMPLICIT_RETAIN_SELF = YES;
				CLANG_WARN_OBJC_LITERAL_CONVERSION = YES;
				CLANG_WARN_OBJC_ROOT_CLASS = YES_ERROR;
				CLANG_WARN_QUOTED_INCLUDE_IN_FRAMEWORK_HEADER = YES;
				CLANG_WARN_RANGE_LOOP_ANALYSIS = YES;
				CLANG_WARN_STRICT_PROTOTYPES = YES;
				CLANG_WARN_SUSPICIOUS_MOVE = YES;
				CLANG_WARN_UNGUARDED_AVAILABILITY = YES_AGGRESSIVE;
				CLANG_WARN_UNREACHABLE_CODE = YES;
				CLANG_WARN__DUPLICATE_METHOD_MATCH = YES;
				COPY_PHASE_STRIP = NO;
				DEBUG_INFORMATION_FORMAT = "dwarf-with-dsym";
				ENABLE_NS_ASSERTIONS = NO;
				ENABLE_STRICT_OBJC_MSGSEND = YES;
				ENABLE_USER_SCRIPT_SANDBOXING = YES;
				GCC_C_LANGUAGE_STANDARD = gnu17;
				GCC_NO_COMMON_BLOCKS = YES;
				GCC_WARN_64_TO_32_BIT_CONVERSION = YES;
				GCC_WARN_ABOUT_RETURN_TYPE = YES_ERROR;
				GCC_WARN_UNDECLARED_SELECTOR = YES;
				GCC_WARN_UNINITIALIZED_AUTOS = YES_AGGRESSIVE;
				GCC_WARN_UNUSED_FUNCTION = YES;
				GCC_WARN_UNUSED_VARIABLE = YES;
				IPHONEOS_DEPLOYMENT_TARGET = 18.5;
				LOCALIZATION_PREFERS_STRING_CATALOGS = YES;
				MTL_ENABLE_DEBUG_INFO = NO;
				MTL_FAST_MATH = YES;
				SDKROOT = iphoneos;
				SWIFT_COMPILATION_MODE = wholemodule;
				VALIDATE_PRODUCT = YES;
			};
			name = Release;
		};
		BD9157E02E37E3320090C28A /* Debug */ = {
			isa = XCBuildConfiguration;
			buildSettings = {
				ASSETCATALOG_COMPILER_APPICON_NAME = AppIcon;
				ASSETCATALOG_COMPILER_GLOBAL_ACCENT_COLOR_NAME = AccentColor;
				CODE_SIGN_STYLE = Automatic;
				CURRENT_PROJECT_VERSION = 1;
				ENABLE_PREVIEWS = YES;
				GENERATE_INFOPLIST_FILE = YES;
				INFOPLIST_KEY_CFBundleDisplayName = pomotrackerApp;
				INFOPLIST_KEY_UIApplicationSceneManifest_Generation = YES;
				INFOPLIST_KEY_UIApplicationSupportsIndirectInputEvents = YES;
				INFOPLIST_KEY_UILaunchScreen_Generation = YES;
				INFOPLIST_KEY_UISupportedInterfaceOrientations_iPad = "UIInterfaceOrientationPortrait UIInterfaceOrientationPortraitUpsideDown UIInterfaceOrientationLandscapeLeft UIInterfaceOrientationLandscapeRight";
				INFOPLIST_KEY_UISupportedInterfaceOrientations_iPhone = "UIInterfaceOrientationPortrait UIInterfaceOrientationLandscapeLeft UIInterfaceOrientationLandscapeRight";
				LD_RUNPATH_SEARCH_PATHS = (
					"$(inherited)",
					"@executable_path/Frameworks",
				);
				MARKETING_VERSION = 1.0;
				PRODUCT_BUNDLE_IDENTIFIER = "KWK.todo-proj";
				PRODUCT_NAME = "$(TARGET_NAME)";
				SWIFT_EMIT_LOC_STRINGS = YES;
				SWIFT_VERSION = 5.0;
				TARGETED_DEVICE_FAMILY = "1,2";
			};
			name = Debug;
		};
		BD9157E12E37E3320090C28A /* Release */ = {
			isa = XCBuildConfiguration;
			buildSettings = {
				ASSETCATALOG_COMPILER_APPICON_NAME = AppIcon;
				ASSETCATALOG_COMPILER_GLOBAL_ACCENT_COLOR_NAME = AccentColor;
				CODE_SIGN_STYLE = Automatic;
				CURRENT_PROJECT_VERSION = 1;
				ENABLE_PREVIEWS = YES;
				GENERATE_INFOPLIST_FILE = YES;
				INFOPLIST_KEY_CFBundleDisplayName = pomotrackerApp;
				INFOPLIST_KEY_UIApplicationSceneManifest_Generation = YES;
				INFOPLIST_KEY_UIApplicationSupportsIndirectInputEvents = YES;
				INFOPLIST_KEY_UILaunchScreen_Generation = YES;
				INFOPLIST_KEY_UISupportedInterfaceOrientations_iPad = "UIInterfaceOrientationPortrait UIInterfaceOrientationPortraitUpsideDown UIInterfaceOrientationLandscapeLeft UIInterfaceOrientationLandscapeRight";
				INFOPLIST_KEY_UISupportedInterfaceOrientations_iPhone = "UIInterfaceOrientationPortrait UIInterfaceOrientationLandscapeLeft UIInterfaceOrientationLandscapeRight";
				LD_RUNPATH_SEARCH_PATHS = (
					"$(inherited)",
					"@executable_path/Frameworks",
				);
				MARKETING_VERSION = 1.0;
				PRODUCT_BUNDLE_IDENTIFIER = "KWK.todo-proj";
				PRODUCT_NAME = "$(TARGET_NAME)";
				SWIFT_EMIT_LOC_STRINGS = YES;
				SWIFT_VERSION = 5.0;
				TARGETED_DEVICE_FAMILY = "1,2";
			};
			name = Release;
		};
		BD9157E32E37E3320090C28A /* Debug */ = {
			isa = XCBuildConfiguration;
			buildSettings = {
				BUNDLE_LOADER = "$(TEST_HOST)";
				CODE_SIGN_STYLE = Automatic;
				CURRENT_PROJECT_VERSION = 1;
				GENERATE_INFOPLIST_FILE = YES;
				IPHONEOS_DEPLOYMENT_TARGET = 18.5;
				MARKETING_VERSION = 1.0;
				PRODUCT_BUNDLE_IDENTIFIER = "KWK.todo-projTests";
				PRODUCT_NAME = "$(TARGET_NAME)";
				SWIFT_EMIT_LOC_STRINGS = NO;
				SWIFT_VERSION = 5.0;
				TARGETED_DEVICE_FAMILY = "1,2";
				TEST_HOST = "$(BUILT_PRODUCTS_DIR)/todo_proj.app/$(BUNDLE_EXECUTABLE_FOLDER_PATH)/todo_proj";
			};
			name = Debug;
		};
		BD9157E42E37E3320090C28A /* Release */ = {
			isa = XCBuildConfiguration;
			buildSettings = {
				BUNDLE_LOADER = "$(TEST_HOST)";
				CODE_SIGN_STYLE = Automatic;
				CURRENT_PROJECT_VERSION = 1;
				GENERATE_INFOPLIST_FILE = YES;
				IPHONEOS_DEPLOYMENT_TARGET = 18.5;
				MARKETING_VERSION = 1.0;
				PRODUCT_BUNDLE_IDENTIFIER = "KWK.todo-projTests";
				PRODUCT_NAME = "$(TARGET_NAME)";
				SWIFT_EMIT_LOC_STRINGS = NO;
				SWIFT_VERSION = 5.0;
				TARGETED_DEVICE_FAMILY = "1,2";
				TEST_HOST = "$(BUILT_PRODUCTS_DIR)/todo_proj.app/$(BUNDLE_EXECUTABLE_FOLDER_PATH)/todo_proj";
			};
			name = Release;
		};
		BD9157E62E37E3320090C28A /* Debug */ = {
			isa = XCBuildConfiguration;
			buildSettings = {
				CODE_SIGN_STYLE = Automatic;
				CURRENT_PROJECT_VERSION = 1;
				GENERATE_INFOPLIST_FILE = YES;
				MARKETING_VERSION = 1.0;
				PRODUCT_BUNDLE_IDENTIFIER = "KWK.todo-projUITests";
				PRODUCT_NAME = "$(TARGET_NAME)";
				SWIFT_EMIT_LOC_STRINGS = NO;
				SWIFT_VERSION = 5.0;
				TARGETED_DEVICE_FAMILY = "1,2";
				TEST_TARGET_NAME = todo_proj;
			};
			name = Debug;
		};
		BD9157E72E37E3320090C28A /* Release */ = {
			isa = XCBuildConfiguration;
			buildSettings = {
				CODE_SIGN_STYLE = Automatic;
				CURRENT_PROJECT_VERSION = 1;
				GENERATE_INFOPLIST_FILE = YES;
				MARKETING_VERSION = 1.0;
				PRODUCT_BUNDLE_IDENTIFIER = "KWK.todo-projUITests";
				PRODUCT_NAME = "$(TARGET_NAME)";
				SWIFT_EMIT_LOC_STRINGS = NO;
				SWIFT_VERSION = 5.0;
				TARGETED_DEVICE_FAMILY = "1,2";
				TEST_TARGET_NAME = todo_proj;
			};
			name = Release;
		};
/* End XCBuildConfiguration section */

/* Begin XCConfigurationList section */
		BD9157B72E37E3300090C28A /* Build configuration list for PBXProject "todo_proj copy" */ = {
			isa = XCConfigurationList;
			buildConfigurations = (
				BD9157DD2E37E3320090C28A /* Debug */,
				BD9157DE2E37E3320090C28A /* Release */,
			);
			defaultConfigurationIsVisible = 0;
			defaultConfigurationName = Release;
		};
		BD9157DF2E37E3320090C28A /* Build configuration list for PBXNativeTarget "todo_proj" */ = {
			isa = XCConfigurationList;
			buildConfigurations = (
				BD9157E02E37E3320090C28A /* Debug */,
				BD9157E12E37E3320090C28A /* Release */,
			);
			defaultConfigurationIsVisible = 0;
			defaultConfigurationName = Release;
		};
		BD9157E22E37E3320090C28A /* Build configuration list for PBXNativeTarget "todo_projTests" */ = {
			isa = XCConfigurationList;
			buildConfigurations = (
				BD9157E32E37E3320090C28A /* Debug */,
				BD9157E42E37E3320090C28A /* Release */,
			);
			defaultConfigurationIsVisible = 0;
			defaultConfigurationName = Release;
		};
		BD9157E52E37E3320090C28A /* Build configuration list for PBXNativeTarget "todo_projUITests" */ = {
			isa = XCConfigurationList;
			buildConfigurations = (
				BD9157E62E37E3320090C28A /* Debug */,
				BD9157E72E37E3320090C28A /* Release */,
			);
			defaultConfigurationIsVisible = 0;
			defaultConfigurationName = Release;
		};
/* End XCConfigurationList section */
	};
	rootObject = BD9157B42E37E3300090C28A /* Project object */;
}
